// !$*UTF8*$!
{
	archiveVersion = 1;
	classes = {
	};
	objectVersion = 50;
	objects = {

/* Begin PBXBuildFile section */
		E88E9DF0253B2426007E2D59 /* CustomersView.swift in Sources */ = {isa = PBXBuildFile; fileRef = E88E9DEF253B2425007E2D59 /* CustomersView.swift */; };
		E88E9DFB253B25A6007E2D59 /* SettingsView.swift in Sources */ = {isa = PBXBuildFile; fileRef = E88E9DFA253B25A6007E2D59 /* SettingsView.swift */; };
		E88E9E00253B3151007E2D59 /* CustomersViewModel.swift in Sources */ = {isa = PBXBuildFile; fileRef = E88E9DFF253B3151007E2D59 /* CustomersViewModel.swift */; };
		E895DB42253A3C1A003A11FA /* UserSignUpApp.swift in Sources */ = {isa = PBXBuildFile; fileRef = E895DB41253A3C1A003A11FA /* UserSignUpApp.swift */; };
		E895DB44253A3C1A003A11FA /* ContentView.swift in Sources */ = {isa = PBXBuildFile; fileRef = E895DB43253A3C1A003A11FA /* ContentView.swift */; };
		E895DB46253A3C1C003A11FA /* Assets.xcassets in Resources */ = {isa = PBXBuildFile; fileRef = E895DB45253A3C1C003A11FA /* Assets.xcassets */; };
		E895DB49253A3C1C003A11FA /* Preview Assets.xcassets in Resources */ = {isa = PBXBuildFile; fileRef = E895DB48253A3C1C003A11FA /* Preview Assets.xcassets */; };
		E895DB4B253A3C1C003A11FA /* Persistence.swift in Sources */ = {isa = PBXBuildFile; fileRef = E895DB4A253A3C1C003A11FA /* Persistence.swift */; };
		E895DB4E253A3C1C003A11FA /* UserSignUp.xcdatamodeld in Sources */ = {isa = PBXBuildFile; fileRef = E895DB4C253A3C1C003A11FA /* UserSignUp.xcdatamodeld */; };
		E895DB59253A3C1C003A11FA /* UserSignUpTests.swift in Sources */ = {isa = PBXBuildFile; fileRef = E895DB58253A3C1C003A11FA /* UserSignUpTests.swift */; };
		E895DB64253A3C1C003A11FA /* UserSignUpUITests.swift in Sources */ = {isa = PBXBuildFile; fileRef = E895DB63253A3C1C003A11FA /* UserSignUpUITests.swift */; };
		E895DB78253A3D8A003A11FA /* Customer.swift in Sources */ = {isa = PBXBuildFile; fileRef = E895DB77253A3D8A003A11FA /* Customer.swift */; };
		E895DB8E253A3F01003A11FA /* HomeView.swift in Sources */ = {isa = PBXBuildFile; fileRef = E895DB8D253A3F01003A11FA /* HomeView.swift */; };
		E895DBA0253A4147003A11FA /* CustomButtonStyle.swift in Sources */ = {isa = PBXBuildFile; fileRef = E895DB9F253A4147003A11FA /* CustomButtonStyle.swift */; };
/* End PBXBuildFile section */

/* Begin PBXContainerItemProxy section */
		E895DB55253A3C1C003A11FA /* PBXContainerItemProxy */ = {
			isa = PBXContainerItemProxy;
			containerPortal = E895DB36253A3C1A003A11FA /* Project object */;
			proxyType = 1;
			remoteGlobalIDString = E895DB3D253A3C1A003A11FA;
			remoteInfo = UserSignUp;
		};
		E895DB60253A3C1C003A11FA /* PBXContainerItemProxy */ = {
			isa = PBXContainerItemProxy;
			containerPortal = E895DB36253A3C1A003A11FA /* Project object */;
			proxyType = 1;
			remoteGlobalIDString = E895DB3D253A3C1A003A11FA;
			remoteInfo = UserSignUp;
		};
/* End PBXContainerItemProxy section */

/* Begin PBXFileReference section */
		E88E9DEF253B2425007E2D59 /* CustomersView.swift */ = {isa = PBXFileReference; lastKnownFileType = sourcecode.swift; path = CustomersView.swift; sourceTree = "<group>"; };
		E88E9DFA253B25A6007E2D59 /* SettingsView.swift */ = {isa = PBXFileReference; lastKnownFileType = sourcecode.swift; path = SettingsView.swift; sourceTree = "<group>"; };
		E88E9DFF253B3151007E2D59 /* CustomersViewModel.swift */ = {isa = PBXFileReference; lastKnownFileType = sourcecode.swift; path = CustomersViewModel.swift; sourceTree = "<group>"; };
		E895DB3E253A3C1A003A11FA /* UserSignUp.app */ = {isa = PBXFileReference; explicitFileType = wrapper.application; includeInIndex = 0; path = UserSignUp.app; sourceTree = BUILT_PRODUCTS_DIR; };
		E895DB41253A3C1A003A11FA /* UserSignUpApp.swift */ = {isa = PBXFileReference; lastKnownFileType = sourcecode.swift; path = UserSignUpApp.swift; sourceTree = "<group>"; };
		E895DB43253A3C1A003A11FA /* ContentView.swift */ = {isa = PBXFileReference; lastKnownFileType = sourcecode.swift; path = ContentView.swift; sourceTree = "<group>"; };
		E895DB45253A3C1C003A11FA /* Assets.xcassets */ = {isa = PBXFileReference; lastKnownFileType = folder.assetcatalog; path = Assets.xcassets; sourceTree = "<group>"; };
		E895DB48253A3C1C003A11FA /* Preview Assets.xcassets */ = {isa = PBXFileReference; lastKnownFileType = folder.assetcatalog; path = "Preview Assets.xcassets"; sourceTree = "<group>"; };
		E895DB4A253A3C1C003A11FA /* Persistence.swift */ = {isa = PBXFileReference; lastKnownFileType = sourcecode.swift; path = Persistence.swift; sourceTree = "<group>"; };
		E895DB4D253A3C1C003A11FA /* UserSignUp.xcdatamodel */ = {isa = PBXFileReference; lastKnownFileType = wrapper.xcdatamodel; path = UserSignUp.xcdatamodel; sourceTree = "<group>"; };
		E895DB4F253A3C1C003A11FA /* Info.plist */ = {isa = PBXFileReference; lastKnownFileType = text.plist.xml; path = Info.plist; sourceTree = "<group>"; };
		E895DB54253A3C1C003A11FA /* UserSignUpTests.xctest */ = {isa = PBXFileReference; explicitFileType = wrapper.cfbundle; includeInIndex = 0; path = UserSignUpTests.xctest; sourceTree = BUILT_PRODUCTS_DIR; };
		E895DB58253A3C1C003A11FA /* UserSignUpTests.swift */ = {isa = PBXFileReference; lastKnownFileType = sourcecode.swift; path = UserSignUpTests.swift; sourceTree = "<group>"; };
		E895DB5A253A3C1C003A11FA /* Info.plist */ = {isa = PBXFileReference; lastKnownFileType = text.plist.xml; path = Info.plist; sourceTree = "<group>"; };
		E895DB5F253A3C1C003A11FA /* UserSignUpUITests.xctest */ = {isa = PBXFileReference; explicitFileType = wrapper.cfbundle; includeInIndex = 0; path = UserSignUpUITests.xctest; sourceTree = BUILT_PRODUCTS_DIR; };
		E895DB63253A3C1C003A11FA /* UserSignUpUITests.swift */ = {isa = PBXFileReference; lastKnownFileType = sourcecode.swift; path = UserSignUpUITests.swift; sourceTree = "<group>"; };
		E895DB65253A3C1C003A11FA /* Info.plist */ = {isa = PBXFileReference; lastKnownFileType = text.plist.xml; path = Info.plist; sourceTree = "<group>"; };
		E895DB77253A3D8A003A11FA /* Customer.swift */ = {isa = PBXFileReference; lastKnownFileType = sourcecode.swift; path = Customer.swift; sourceTree = "<group>"; };
		E895DB8D253A3F01003A11FA /* HomeView.swift */ = {isa = PBXFileReference; lastKnownFileType = sourcecode.swift; path = HomeView.swift; sourceTree = "<group>"; };
		E895DB9F253A4147003A11FA /* CustomButtonStyle.swift */ = {isa = PBXFileReference; lastKnownFileType = sourcecode.swift; path = CustomButtonStyle.swift; sourceTree = "<group>"; };
/* End PBXFileReference section */

/* Begin PBXFrameworksBuildPhase section */
		E895DB3B253A3C1A003A11FA /* Frameworks */ = {
			isa = PBXFrameworksBuildPhase;
			buildActionMask = 2147483647;
			files = (
			);
			runOnlyForDeploymentPostprocessing = 0;
		};
		E895DB51253A3C1C003A11FA /* Frameworks */ = {
			isa = PBXFrameworksBuildPhase;
			buildActionMask = 2147483647;
			files = (
			);
			runOnlyForDeploymentPostprocessing = 0;
		};
		E895DB5C253A3C1C003A11FA /* Frameworks */ = {
			isa = PBXFrameworksBuildPhase;
			buildActionMask = 2147483647;
			files = (
			);
			runOnlyForDeploymentPostprocessing = 0;
		};
/* End PBXFrameworksBuildPhase section */

/* Begin PBXGroup section */
		E895DB35253A3C1A003A11FA = {
			isa = PBXGroup;
			children = (
				E895DB40253A3C1A003A11FA /* UserSignUp */,
				E895DB57253A3C1C003A11FA /* UserSignUpTests */,
				E895DB62253A3C1C003A11FA /* UserSignUpUITests */,
				E895DB3F253A3C1A003A11FA /* Products */,
			);
			sourceTree = "<group>";
		};
		E895DB3F253A3C1A003A11FA /* Products */ = {
			isa = PBXGroup;
			children = (
				E895DB3E253A3C1A003A11FA /* UserSignUp.app */,
				E895DB54253A3C1C003A11FA /* UserSignUpTests.xctest */,
				E895DB5F253A3C1C003A11FA /* UserSignUpUITests.xctest */,
			);
			name = Products;
			sourceTree = "<group>";
		};
		E895DB40253A3C1A003A11FA /* UserSignUp */ = {
			isa = PBXGroup;
			children = (
				E895DB76253A3D6F003A11FA /* ViewModels */,
				E895DB75253A3D68003A11FA /* Views */,
				E895DB74253A3D62003A11FA /* Models */,
				E895DB41253A3C1A003A11FA /* UserSignUpApp.swift */,
				E895DB45253A3C1C003A11FA /* Assets.xcassets */,
				E895DB4A253A3C1C003A11FA /* Persistence.swift */,
				E895DB4F253A3C1C003A11FA /* Info.plist */,
				E895DB4C253A3C1C003A11FA /* UserSignUp.xcdatamodeld */,
				E895DB47253A3C1C003A11FA /* Preview Content */,
			);
			path = UserSignUp;
			sourceTree = "<group>";
		};
		E895DB47253A3C1C003A11FA /* Preview Content */ = {
			isa = PBXGroup;
			children = (
				E895DB48253A3C1C003A11FA /* Preview Assets.xcassets */,
			);
			path = "Preview Content";
			sourceTree = "<group>";
		};
		E895DB57253A3C1C003A11FA /* UserSignUpTests */ = {
			isa = PBXGroup;
			children = (
				E895DB58253A3C1C003A11FA /* UserSignUpTests.swift */,
				E895DB5A253A3C1C003A11FA /* Info.plist */,
			);
			path = UserSignUpTests;
			sourceTree = "<group>";
		};
		E895DB62253A3C1C003A11FA /* UserSignUpUITests */ = {
			isa = PBXGroup;
			children = (
				E895DB63253A3C1C003A11FA /* UserSignUpUITests.swift */,
				E895DB65253A3C1C003A11FA /* Info.plist */,
			);
			path = UserSignUpUITests;
			sourceTree = "<group>";
		};
		E895DB74253A3D62003A11FA /* Models */ = {
			isa = PBXGroup;
			children = (
				E895DB77253A3D8A003A11FA /* Customer.swift */,
			);
			path = Models;
			sourceTree = "<group>";
		};
		E895DB75253A3D68003A11FA /* Views */ = {
			isa = PBXGroup;
			children = (
				E895DB43253A3C1A003A11FA /* ContentView.swift */,
				E895DB9E253A413A003A11FA /* Styles */,
				E895DB8D253A3F01003A11FA /* HomeView.swift */,
				E88E9DEF253B2425007E2D59 /* CustomersView.swift */,
				E88E9DFA253B25A6007E2D59 /* SettingsView.swift */,
			);
			path = Views;
			sourceTree = "<group>";
		};
		E895DB76253A3D6F003A11FA /* ViewModels */ = {
			isa = PBXGroup;
			children = (
				E88E9DFF253B3151007E2D59 /* CustomersViewModel.swift */,
			);
			path = ViewModels;
			sourceTree = "<group>";
		};
		E895DB9E253A413A003A11FA /* Styles */ = {
			isa = PBXGroup;
			children = (
				E895DB9F253A4147003A11FA /* CustomButtonStyle.swift */,
			);
			path = Styles;
			sourceTree = "<group>";
		};
/* End PBXGroup section */

/* Begin PBXNativeTarget section */
		E895DB3D253A3C1A003A11FA /* UserSignUp */ = {
			isa = PBXNativeTarget;
			buildConfigurationList = E895DB68253A3C1C003A11FA /* Build configuration list for PBXNativeTarget "UserSignUp" */;
			buildPhases = (
				E895DB3A253A3C1A003A11FA /* Sources */,
				E895DB3B253A3C1A003A11FA /* Frameworks */,
				E895DB3C253A3C1A003A11FA /* Resources */,
			);
			buildRules = (
			);
			dependencies = (
			);
			name = UserSignUp;
			productName = UserSignUp;
			productReference = E895DB3E253A3C1A003A11FA /* UserSignUp.app */;
			productType = "com.apple.product-type.application";
		};
		E895DB53253A3C1C003A11FA /* UserSignUpTests */ = {
			isa = PBXNativeTarget;
			buildConfigurationList = E895DB6B253A3C1C003A11FA /* Build configuration list for PBXNativeTarget "UserSignUpTests" */;
			buildPhases = (
				E895DB50253A3C1C003A11FA /* Sources */,
				E895DB51253A3C1C003A11FA /* Frameworks */,
				E895DB52253A3C1C003A11FA /* Resources */,
			);
			buildRules = (
			);
			dependencies = (
				E895DB56253A3C1C003A11FA /* PBXTargetDependency */,
			);
			name = UserSignUpTests;
			productName = UserSignUpTests;
			productReference = E895DB54253A3C1C003A11FA /* UserSignUpTests.xctest */;
			productType = "com.apple.product-type.bundle.unit-test";
		};
		E895DB5E253A3C1C003A11FA /* UserSignUpUITests */ = {
			isa = PBXNativeTarget;
			buildConfigurationList = E895DB6E253A3C1C003A11FA /* Build configuration list for PBXNativeTarget "UserSignUpUITests" */;
			buildPhases = (
				E895DB5B253A3C1C003A11FA /* Sources */,
				E895DB5C253A3C1C003A11FA /* Frameworks */,
				E895DB5D253A3C1C003A11FA /* Resources */,
			);
			buildRules = (
			);
			dependencies = (
				E895DB61253A3C1C003A11FA /* PBXTargetDependency */,
			);
			name = UserSignUpUITests;
			productName = UserSignUpUITests;
			productReference = E895DB5F253A3C1C003A11FA /* UserSignUpUITests.xctest */;
			productType = "com.apple.product-type.bundle.ui-testing";
		};
/* End PBXNativeTarget section */

/* Begin PBXProject section */
		E895DB36253A3C1A003A11FA /* Project object */ = {
			isa = PBXProject;
			attributes = {
				LastSwiftUpdateCheck = 1200;
				LastUpgradeCheck = 1200;
				TargetAttributes = {
					E895DB3D253A3C1A003A11FA = {
						CreatedOnToolsVersion = 12.0.1;
					};
					E895DB53253A3C1C003A11FA = {
						CreatedOnToolsVersion = 12.0.1;
						TestTargetID = E895DB3D253A3C1A003A11FA;
					};
					E895DB5E253A3C1C003A11FA = {
						CreatedOnToolsVersion = 12.0.1;
						TestTargetID = E895DB3D253A3C1A003A11FA;
					};
				};
			};
			buildConfigurationList = E895DB39253A3C1A003A11FA /* Build configuration list for PBXProject "UserSignUp" */;
			compatibilityVersion = "Xcode 9.3";
			developmentRegion = en;
			hasScannedForEncodings = 0;
			knownRegions = (
				en,
				Base,
			);
			mainGroup = E895DB35253A3C1A003A11FA;
			productRefGroup = E895DB3F253A3C1A003A11FA /* Products */;
			projectDirPath = "";
			projectRoot = "";
			targets = (
				E895DB3D253A3C1A003A11FA /* UserSignUp */,
				E895DB53253A3C1C003A11FA /* UserSignUpTests */,
				E895DB5E253A3C1C003A11FA /* UserSignUpUITests */,
			);
		};
/* End PBXProject section */

/* Begin PBXResourcesBuildPhase section */
		E895DB3C253A3C1A003A11FA /* Resources */ = {
			isa = PBXResourcesBuildPhase;
			buildActionMask = 2147483647;
			files = (
				E895DB49253A3C1C003A11FA /* Preview Assets.xcassets in Resources */,
				E895DB46253A3C1C003A11FA /* Assets.xcassets in Resources */,
			);
			runOnlyForDeploymentPostprocessing = 0;
		};
		E895DB52253A3C1C003A11FA /* Resources */ = {
			isa = PBXResourcesBuildPhase;
			buildActionMask = 2147483647;
			files = (
			);
			runOnlyForDeploymentPostprocessing = 0;
		};
		E895DB5D253A3C1C003A11FA /* Resources */ = {
			isa = PBXResourcesBuildPhase;
			buildActionMask = 2147483647;
			files = (
			);
			runOnlyForDeploymentPostprocessing = 0;
		};
/* End PBXResourcesBuildPhase section */

/* Begin PBXSourcesBuildPhase section */
		E895DB3A253A3C1A003A11FA /* Sources */ = {
			isa = PBXSourcesBuildPhase;
			buildActionMask = 2147483647;
			files = (
				E895DB4E253A3C1C003A11FA /* UserSignUp.xcdatamodeld in Sources */,
				E895DB78253A3D8A003A11FA /* Customer.swift in Sources */,
				E895DB4B253A3C1C003A11FA /* Persistence.swift in Sources */,
				E88E9DFB253B25A6007E2D59 /* SettingsView.swift in Sources */,
				E88E9E00253B3151007E2D59 /* CustomersViewModel.swift in Sources */,
				E895DB44253A3C1A003A11FA /* ContentView.swift in Sources */,
				E895DB8E253A3F01003A11FA /* HomeView.swift in Sources */,
				E895DB42253A3C1A003A11FA /* UserSignUpApp.swift in Sources */,
				E895DBA0253A4147003A11FA /* CustomButtonStyle.swift in Sources */,
				E88E9DF0253B2426007E2D59 /* CustomersView.swift in Sources */,
			);
			runOnlyForDeploymentPostprocessing = 0;
		};
		E895DB50253A3C1C003A11FA /* Sources */ = {
			isa = PBXSourcesBuildPhase;
			buildActionMask = 2147483647;
			files = (
				E895DB59253A3C1C003A11FA /* UserSignUpTests.swift in Sources */,
			);
			runOnlyForDeploymentPostprocessing = 0;
		};
		E895DB5B253A3C1C003A11FA /* Sources */ = {
			isa = PBXSourcesBuildPhase;
			buildActionMask = 2147483647;
			files = (
				E895DB64253A3C1C003A11FA /* UserSignUpUITests.swift in Sources */,
			);
			runOnlyForDeploymentPostprocessing = 0;
		};
/* End PBXSourcesBuildPhase section */

/* Begin PBXTargetDependency section */
		E895DB56253A3C1C003A11FA /* PBXTargetDependency */ = {
			isa = PBXTargetDependency;
			target = E895DB3D253A3C1A003A11FA /* UserSignUp */;
			targetProxy = E895DB55253A3C1C003A11FA /* PBXContainerItemProxy */;
		};
		E895DB61253A3C1C003A11FA /* PBXTargetDependency */ = {
			isa = PBXTargetDependency;
			target = E895DB3D253A3C1A003A11FA /* UserSignUp */;
			targetProxy = E895DB60253A3C1C003A11FA /* PBXContainerItemProxy */;
		};
/* End PBXTargetDependency section */

/* Begin XCBuildConfiguration section */
		E895DB66253A3C1C003A11FA /* Debug */ = {
			isa = XCBuildConfiguration;
			buildSettings = {
				ALWAYS_SEARCH_USER_PATHS = NO;
				CLANG_ANALYZER_NONNULL = YES;
				CLANG_ANALYZER_NUMBER_OBJECT_CONVERSION = YES_AGGRESSIVE;
				CLANG_CXX_LANGUAGE_STANDARD = "gnu++14";
				CLANG_CXX_LIBRARY = "libc++";
				CLANG_ENABLE_MODULES = YES;
				CLANG_ENABLE_OBJC_ARC = YES;
				CLANG_ENABLE_OBJC_WEAK = YES;
				CLANG_WARN_BLOCK_CAPTURE_AUTORELEASING = YES;
				CLANG_WARN_BOOL_CONVERSION = YES;
				CLANG_WARN_COMMA = YES;
				CLANG_WARN_CONSTANT_CONVERSION = YES;
				CLANG_WARN_DEPRECATED_OBJC_IMPLEMENTATIONS = YES;
				CLANG_WARN_DIRECT_OBJC_ISA_USAGE = YES_ERROR;
				CLANG_WARN_DOCUMENTATION_COMMENTS = YES;
				CLANG_WARN_EMPTY_BODY = YES;
				CLANG_WARN_ENUM_CONVERSION = YES;
				CLANG_WARN_INFINITE_RECURSION = YES;
				CLANG_WARN_INT_CONVERSION = YES;
				CLANG_WARN_NON_LITERAL_NULL_CONVERSION = YES;
				CLANG_WARN_OBJC_IMPLICIT_RETAIN_SELF = YES;
				CLANG_WARN_OBJC_LITERAL_CONVERSION = YES;
				CLANG_WARN_OBJC_ROOT_CLASS = YES_ERROR;
				CLANG_WARN_QUOTED_INCLUDE_IN_FRAMEWORK_HEADER = YES;
				CLANG_WARN_RANGE_LOOP_ANALYSIS = YES;
				CLANG_WARN_STRICT_PROTOTYPES = YES;
				CLANG_WARN_SUSPICIOUS_MOVE = YES;
				CLANG_WARN_UNGUARDED_AVAILABILITY = YES_AGGRESSIVE;
				CLANG_WARN_UNREACHABLE_CODE = YES;
				CLANG_WARN__DUPLICATE_METHOD_MATCH = YES;
				COPY_PHASE_STRIP = NO;
				DEBUG_INFORMATION_FORMAT = dwarf;
				ENABLE_STRICT_OBJC_MSGSEND = YES;
				ENABLE_TESTABILITY = YES;
				GCC_C_LANGUAGE_STANDARD = gnu11;
				GCC_DYNAMIC_NO_PIC = NO;
				GCC_NO_COMMON_BLOCKS = YES;
				GCC_OPTIMIZATION_LEVEL = 0;
				GCC_PREPROCESSOR_DEFINITIONS = (
					"DEBUG=1",
					"$(inherited)",
				);
				GCC_WARN_64_TO_32_BIT_CONVERSION = YES;
				GCC_WARN_ABOUT_RETURN_TYPE = YES_ERROR;
				GCC_WARN_UNDECLARED_SELECTOR = YES;
				GCC_WARN_UNINITIALIZED_AUTOS = YES_AGGRESSIVE;
				GCC_WARN_UNUSED_FUNCTION = YES;
				GCC_WARN_UNUSED_VARIABLE = YES;
				IPHONEOS_DEPLOYMENT_TARGET = 14.0;
				MTL_ENABLE_DEBUG_INFO = INCLUDE_SOURCE;
				MTL_FAST_MATH = YES;
				ONLY_ACTIVE_ARCH = YES;
				SDKROOT = iphoneos;
				SWIFT_ACTIVE_COMPILATION_CONDITIONS = DEBUG;
				SWIFT_OPTIMIZATION_LEVEL = "-Onone";
			};
			name = Debug;
		};
		E895DB67253A3C1C003A11FA /* Release */ = {
			isa = XCBuildConfiguration;
			buildSettings = {
				ALWAYS_SEARCH_USER_PATHS = NO;
				CLANG_ANALYZER_NONNULL = YES;
				CLANG_ANALYZER_NUMBER_OBJECT_CONVERSION = YES_AGGRESSIVE;
				CLANG_CXX_LANGUAGE_STANDARD = "gnu++14";
				CLANG_CXX_LIBRARY = "libc++";
				CLANG_ENABLE_MODULES = YES;
				CLANG_ENABLE_OBJC_ARC = YES;
				CLANG_ENABLE_OBJC_WEAK = YES;
				CLANG_WARN_BLOCK_CAPTURE_AUTORELEASING = YES;
				CLANG_WARN_BOOL_CONVERSION = YES;
				CLANG_WARN_COMMA = YES;
				CLANG_WARN_CONSTANT_CONVERSION = YES;
				CLANG_WARN_DEPRECATED_OBJC_IMPLEMENTATIONS = YES;
				CLANG_WARN_DIRECT_OBJC_ISA_USAGE = YES_ERROR;
				CLANG_WARN_DOCUMENTATION_COMMENTS = YES;
				CLANG_WARN_EMPTY_BODY = YES;
				CLANG_WARN_ENUM_CONVERSION = YES;
				CLANG_WARN_INFINITE_RECURSION = YES;
				CLANG_WARN_INT_CONVERSION = YES;
				CLANG_WARN_NON_LITERAL_NULL_CONVERSION = YES;
				CLANG_WARN_OBJC_IMPLICIT_RETAIN_SELF = YES;
				CLANG_WARN_OBJC_LITERAL_CONVERSION = YES;
				CLANG_WARN_OBJC_ROOT_CLASS = YES_ERROR;
				CLANG_WARN_QUOTED_INCLUDE_IN_FRAMEWORK_HEADER = YES;
				CLANG_WARN_RANGE_LOOP_ANALYSIS = YES;
				CLANG_WARN_STRICT_PROTOTYPES = YES;
				CLANG_WARN_SUSPICIOUS_MOVE = YES;
				CLANG_WARN_UNGUARDED_AVAILABILITY = YES_AGGRESSIVE;
				CLANG_WARN_UNREACHABLE_CODE = YES;
				CLANG_WARN__DUPLICATE_METHOD_MATCH = YES;
				COPY_PHASE_STRIP = NO;
				DEBUG_INFORMATION_FORMAT = "dwarf-with-dsym";
				ENABLE_NS_ASSERTIONS = NO;
				ENABLE_STRICT_OBJC_MSGSEND = YES;
				GCC_C_LANGUAGE_STANDARD = gnu11;
				GCC_NO_COMMON_BLOCKS = YES;
				GCC_WARN_64_TO_32_BIT_CONVERSION = YES;
				GCC_WARN_ABOUT_RETURN_TYPE = YES_ERROR;
				GCC_WARN_UNDECLARED_SELECTOR = YES;
				GCC_WARN_UNINITIALIZED_AUTOS = YES_AGGRESSIVE;
				GCC_WARN_UNUSED_FUNCTION = YES;
				GCC_WARN_UNUSED_VARIABLE = YES;
				IPHONEOS_DEPLOYMENT_TARGET = 14.0;
				MTL_ENABLE_DEBUG_INFO = NO;
				MTL_FAST_MATH = YES;
				SDKROOT = iphoneos;
				SWIFT_COMPILATION_MODE = wholemodule;
				SWIFT_OPTIMIZATION_LEVEL = "-O";
				VALIDATE_PRODUCT = YES;
			};
			name = Release;
		};
		E895DB69253A3C1C003A11FA /* Debug */ = {
			isa = XCBuildConfiguration;
			buildSettings = {
				ASSETCATALOG_COMPILER_APPICON_NAME = AppIcon;
				ASSETCATALOG_COMPILER_GLOBAL_ACCENT_COLOR_NAME = AccentColor;
				CODE_SIGN_STYLE = Automatic;
				DEVELOPMENT_ASSET_PATHS = "\"UserSignUp/Preview Content\"";
				DEVELOPMENT_TEAM = Z9M62WF3J6;
				ENABLE_PREVIEWS = YES;
				INFOPLIST_FILE = UserSignUp/Info.plist;
				IPHONEOS_DEPLOYMENT_TARGET = 14.0;
				LD_RUNPATH_SEARCH_PATHS = (
					"$(inherited)",
					"@executable_path/Frameworks",
				);
				PRODUCT_BUNDLE_IDENTIFIER = com.taquesboringcompany.UserSignUp;
				PRODUCT_NAME = "$(TARGET_NAME)";
				SWIFT_VERSION = 5.0;
				TARGETED_DEVICE_FAMILY = "1,2";
			};
			name = Debug;
		};
		E895DB6A253A3C1C003A11FA /* Release */ = {
			isa = XCBuildConfiguration;
			buildSettings = {
				ASSETCATALOG_COMPILER_APPICON_NAME = AppIcon;
				ASSETCATALOG_COMPILER_GLOBAL_ACCENT_COLOR_NAME = AccentColor;
				CODE_SIGN_STYLE = Automatic;
				DEVELOPMENT_ASSET_PATHS = "\"UserSignUp/Preview Content\"";
				DEVELOPMENT_TEAM = Z9M62WF3J6;
				ENABLE_PREVIEWS = YES;
				INFOPLIST_FILE = UserSignUp/Info.plist;
				IPHONEOS_DEPLOYMENT_TARGET = 14.0;
				LD_RUNPATH_SEARCH_PATHS = (
					"$(inherited)",
					"@executable_path/Frameworks",
				);
				PRODUCT_BUNDLE_IDENTIFIER = com.taquesboringcompany.UserSignUp;
				PRODUCT_NAME = "$(TARGET_NAME)";
				SWIFT_VERSION = 5.0;
				TARGETED_DEVICE_FAMILY = "1,2";
			};
			name = Release;
		};
		E895DB6C253A3C1C003A11FA /* Debug */ = {
			isa = XCBuildConfiguration;
			buildSettings = {
				ALWAYS_EMBED_SWIFT_STANDARD_LIBRARIES = YES;
				BUNDLE_LOADER = "$(TEST_HOST)";
				CODE_SIGN_STYLE = Automatic;
				DEVELOPMENT_TEAM = Z9M62WF3J6;
				INFOPLIST_FILE = UserSignUpTests/Info.plist;
				IPHONEOS_DEPLOYMENT_TARGET = 14.0;
				LD_RUNPATH_SEARCH_PATHS = (
					"$(inherited)",
					"@executable_path/Frameworks",
					"@loader_path/Frameworks",
				);
				PRODUCT_BUNDLE_IDENTIFIER = com.taquesboringcompany.UserSignUpTests;
				PRODUCT_NAME = "$(TARGET_NAME)";
				SWIFT_VERSION = 5.0;
				TARGETED_DEVICE_FAMILY = "1,2";
				TEST_HOST = "$(BUILT_PRODUCTS_DIR)/UserSignUp.app/UserSignUp";
			};
			name = Debug;
		};
		E895DB6D253A3C1C003A11FA /* Release */ = {
			isa = XCBuildConfiguration;
			buildSettings = {
				ALWAYS_EMBED_SWIFT_STANDARD_LIBRARIES = YES;
				BUNDLE_LOADER = "$(TEST_HOST)";
				CODE_SIGN_STYLE = Automatic;
				DEVELOPMENT_TEAM = Z9M62WF3J6;
				INFOPLIST_FILE = UserSignUpTests/Info.plist;
				IPHONEOS_DEPLOYMENT_TARGET = 14.0;
				LD_RUNPATH_SEARCH_PATHS = (
					"$(inherited)",
					"@executable_path/Frameworks",
					"@loader_path/Frameworks",
				);
				PRODUCT_BUNDLE_IDENTIFIER = com.taquesboringcompany.UserSignUpTests;
				PRODUCT_NAME = "$(TARGET_NAME)";
				SWIFT_VERSION = 5.0;
				TARGETED_DEVICE_FAMILY = "1,2";
				TEST_HOST = "$(BUILT_PRODUCTS_DIR)/UserSignUp.app/UserSignUp";
			};
			name = Release;
		};
		E895DB6F253A3C1C003A11FA /* Debug */ = {
			isa = XCBuildConfiguration;
			buildSettings = {
				ALWAYS_EMBED_SWIFT_STANDARD_LIBRARIES = YES;
				CODE_SIGN_STYLE = Automatic;
				DEVELOPMENT_TEAM = Z9M62WF3J6;
				INFOPLIST_FILE = UserSignUpUITests/Info.plist;
				LD_RUNPATH_SEARCH_PATHS = (
					"$(inherited)",
					"@executable_path/Frameworks",
					"@loader_path/Frameworks",
				);
				PRODUCT_BUNDLE_IDENTIFIER = com.taquesboringcompany.UserSignUpUITests;
				PRODUCT_NAME = "$(TARGET_NAME)";
				SWIFT_VERSION = 5.0;
				TARGETED_DEVICE_FAMILY = "1,2";
				TEST_TARGET_NAME = UserSignUp;
			};
			name = Debug;
		};
		E895DB70253A3C1C003A11FA /* Release */ = {
			isa = XCBuildConfiguration;
			buildSettings = {
				ALWAYS_EMBED_SWIFT_STANDARD_LIBRARIES = YES;
				CODE_SIGN_STYLE = Automatic;
				DEVELOPMENT_TEAM = Z9M62WF3J6;
				INFOPLIST_FILE = UserSignUpUITests/Info.plist;
				LD_RUNPATH_SEARCH_PATHS = (
					"$(inherited)",
					"@executable_path/Frameworks",
					"@loader_path/Frameworks",
				);
				PRODUCT_BUNDLE_IDENTIFIER = com.taquesboringcompany.UserSignUpUITests;
				PRODUCT_NAME = "$(TARGET_NAME)";
				SWIFT_VERSION = 5.0;
				TARGETED_DEVICE_FAMILY = "1,2";
				TEST_TARGET_NAME = UserSignUp;
			};
			name = Release;
		};
/* End XCBuildConfiguration section */

/* Begin XCConfigurationList section */
		E895DB39253A3C1A003A11FA /* Build configuration list for PBXProject "UserSignUp" */ = {
			isa = XCConfigurationList;
			buildConfigurations = (
				E895DB66253A3C1C003A11FA /* Debug */,
				E895DB67253A3C1C003A11FA /* Release */,
			);
			defaultConfigurationIsVisible = 0;
			defaultConfigurationName = Release;
		};
		E895DB68253A3C1C003A11FA /* Build configuration list for PBXNativeTarget "UserSignUp" */ = {
			isa = XCConfigurationList;
			buildConfigurations = (
				E895DB69253A3C1C003A11FA /* Debug */,
				E895DB6A253A3C1C003A11FA /* Release */,
			);
			defaultConfigurationIsVisible = 0;
			defaultConfigurationName = Release;
		};
		E895DB6B253A3C1C003A11FA /* Build configuration list for PBXNativeTarget "UserSignUpTests" */ = {
			isa = XCConfigurationList;
			buildConfigurations = (
				E895DB6C253A3C1C003A11FA /* Debug */,
				E895DB6D253A3C1C003A11FA /* Release */,
			);
			defaultConfigurationIsVisible = 0;
			defaultConfigurationName = Release;
		};
		E895DB6E253A3C1C003A11FA /* Build configuration list for PBXNativeTarget "UserSignUpUITests" */ = {
			isa = XCConfigurationList;
			buildConfigurations = (
				E895DB6F253A3C1C003A11FA /* Debug */,
				E895DB70253A3C1C003A11FA /* Release */,
			);
			defaultConfigurationIsVisible = 0;
			defaultConfigurationName = Release;
		};
/* End XCConfigurationList section */

/* Begin XCVersionGroup section */
		E895DB4C253A3C1C003A11FA /* UserSignUp.xcdatamodeld */ = {
			isa = XCVersionGroup;
			children = (
				E895DB4D253A3C1C003A11FA /* UserSignUp.xcdatamodel */,
			);
			currentVersion = E895DB4D253A3C1C003A11FA /* UserSignUp.xcdatamodel */;
			path = UserSignUp.xcdatamodeld;
			sourceTree = "<group>";
			versionGroupType = wrapper.xcdatamodel;
		};
/* End XCVersionGroup section */
	};
	rootObject = E895DB36253A3C1A003A11FA /* Project object */;
}
